github.com/bluele/gcache v0.0.2 h1:WcbfdXICg7G/DGBh1PFfcirkWOQV+v077yF1pSy3DGw=
github.com/bluele/gcache v0.0.2/go.mod h1:m15KV+ECjptwSPxKhOhQoAFQVtUFjTVkc3H8o0t/fp0=
github.com/cornelk/hashmap v1.0.8 h1:nv0AWgw02n+iDcawr5It4CjQIAcdMMKRrs10HOJYlrc=
github.com/cornelk/hashmap v1.0.8/go.mod h1:RfZb7JO3RviW/rT6emczVuC/oxpdz4UsSB2LJSclR1k=
github.com/samber/lo v1.52.0 h1:Rvi+3BFHES3A8meP33VPAxiBZX/Aws5RxrschYGjomw=
github.com/samber/lo v1.52.0/go.mod h1:4+MXEGsJzbKGaUEQFKBq2xtfuznW9oz/WrgyzMzRoM0=
github.com/samber/slog-common v0.20.0 h1:WaLnm/aCvBJSk5nR5aXZTFBaV0B47A+AEaEOiZDeUnc=
github.com/samber/slog-common v0.20.0/go.mod h1:+Ozat1jgnnE59UAlmNX1IF3IByHsODnnwf9jUcBZ+m8=
github.com/samber/slog-multi v1.7.0 h1:GKhbkxU3ujkyMsefkuz4qvE6EcgtSuqjFisPnfdzVLI=
github.com/samber/slog-multi v1.7.0/go.mod h1:qTqzmKdPpT0h4PFsTN5rYRgLwom1v+fNGuIrl1Xnnts=
golang.org/x/text v0.22.0 h1:bofq7m3/HAFvbF51jz3Q9wLg3jkvSPuiZu/pD1XwgtM=
golang.org/x/text v0.22.0/go.mod h1:YRoo4H8PVmsu+E3Ou7cqLVH8oXWIHVoX0jqUWALQhfY=
